
Microsoft Visual Studio Solution File, Format Version 12.00
# Visual Studio Version 17
VisualStudioVersion = 17.3.32819.101
MinimumVisualStudioVersion = 10.0.40219.1
Project("{FAE04EC0-301F-11D3-BF4B-00C04F79EFBC}") = "PCBuilder", "PCBuilder\PCBuilder.csproj", "{F39AA873-D299-454A-97A0-2D26D20BCF89}"
EndProject
Global
	GlobalSection(SolutionConfigurationPlatforms) = preSolution
		Debug|Any CPU = Debug|Any CPU
		Release|Any CPU = Release|Any CPU
	EndGlobalSection
	GlobalSection(ProjectConfigurationPlatforms) = postSolution
		{F39AA873-D299-454A-97A0-2D26D20BCF89}.Debug|Any CPU.ActiveCfg = Debug|Any CPU
		{F39AA873-D299-454A-97A0-2D26D20BCF89}.Debug|Any CPU.Build.0 = Debug|Any CPU
		{F39AA873-D299-454A-97A0-2D26D20BCF89}.Release|Any CPU.ActiveCfg = Release|Any CPU
		{F39AA873-D299-454A-97A0-2D26D20BCF89}.Release|Any CPU.Build.0 = Release|Any CPU
	EndGlobalSection
	GlobalSection(SolutionProperties) = preSolution
		HideSolutionNode = FALSE
	EndGlobalSection
	GlobalSection(ExtensibilityGlobals) = postSolution
		SolutionGuid = {5E74870E-2A51-48A0-AC0C-36FBA98E5E3F}
	EndGlobalSection
EndGlobal
